{
  "originHash" : "a7d327e44bbef538554c4125ee90c8866cd91991fc02f4687b4753c402f6ed6a",
  "pins" : [
    {
      "identity" : "grdb.swift",
      "kind" : "remoteSourceControl",
      "location" : "https://github.com/groue/GRDB.swift.git",
      "state" : {
        "revision" : "b83108d10f42680d78f23fe4d4d80fc88dab3212",
        "version" : "7.11.1"
      }
    },
    {
      "identity" : "keyboardshortcuts",
      "kind" : "remoteSourceControl",
      "location" : "https://github.com/sindresorhus/KeyboardShortcuts.git",
      "state" : {
        "revision" : "ac12762853126cf2e7ad63a6a58e1c9f58c6a0ee",
        "version" : "1.17.0"
      }
    }
  ],
  "version" : 3
}
